
Microsoft Visual Studio Solution File, Format Version 12.00
# Visual Studio Version 16
VisualStudioVersion = 16.0.31205.134
MinimumVisualStudioVersion = 10.0.40219.1
Project("{9A19103F-16F7-4668-BE54-9A1E7A4F7556}") = "WebChecker", "WebChecker\WebChecker.csproj", "{243AAAC1-4BB4-449A-BEB8-14A26BBAC4D3}"
EndProject
Project("{2150E333-8FDC-42A3-9474-1A3956D46DE8}") = "Screenshots", "Screenshots", "{3D9C870B-A68D-48F0-833F-4E12A7106835}"
	ProjectSection(SolutionItems) = preProject
		C:\Users\Administrator\Desktop\home.png = C:\Users\Administrator\Desktop\home.png
	EndProjectSection
EndProject
Global
	GlobalSection(SolutionConfigurationPlatforms) = preSolution
		Debug|Any CPU = Debug|Any CPU
		Release|Any CPU = Release|Any CPU
	EndGlobalSection
	GlobalSection(ProjectConfigurationPlatforms) = postSolution
		{243AAAC1-4BB4-449A-BEB8-14A26BBAC4D3}.Debug|Any CPU.ActiveCfg = Debug|Any CPU
		{243AAAC1-4BB4-449A-BEB8-14A26BBAC4D3}.Debug|Any CPU.Build.0 = Debug|Any CPU
		{243AAAC1-4BB4-449A-BEB8-14A26BBAC4D3}.Release|Any CPU.ActiveCfg = Release|Any CPU
		{243AAAC1-4BB4-449A-BEB8-14A26BBAC4D3}.Release|Any CPU.Build.0 = Release|Any CPU
	EndGlobalSection
	GlobalSection(SolutionProperties) = preSolution
		HideSolutionNode = FALSE
	EndGlobalSection
	GlobalSection(ExtensibilityGlobals) = postSolution
		SolutionGuid = {F7C0F8AA-55AC-47B5-AF67-E336125351A5}
	EndGlobalSection
EndGlobal
